
Microsoft Visual Studio Solution File, Format Version 12.00
# Visual Studio Version 17
VisualStudioVersion = 17.10.34928.147
MinimumVisualStudioVersion = 10.0.40219.1
Project("{FAE04EC0-301F-11D3-BF4B-00C04F79EFBC}") = "caltest1", "caltest1\caltest1.csproj", "{7206E531-C40C-4142-B83C-2A085584395E}"
EndProject
Global
	GlobalSection(SolutionConfigurationPlatforms) = preSolution
		Debug|Any CPU = Debug|Any CPU
		Release|Any CPU = Release|Any CPU
	EndGlobalSection
	GlobalSection(ProjectConfigurationPlatforms) = postSolution
		{7206E531-C40C-4142-B83C-2A085584395E}.Debug|Any CPU.ActiveCfg = Debug|Any CPU
		{7206E531-C40C-4142-B83C-2A085584395E}.Debug|Any CPU.Build.0 = Debug|Any CPU
		{7206E531-C40C-4142-B83C-2A085584395E}.Release|Any CPU.ActiveCfg = Release|Any CPU
		{7206E531-C40C-4142-B83C-2A085584395E}.Release|Any CPU.Build.0 = Release|Any CPU
	EndGlobalSection
	GlobalSection(SolutionProperties) = preSolution
		HideSolutionNode = FALSE
	EndGlobalSection
	GlobalSection(ExtensibilityGlobals) = postSolution
		SolutionGuid = {C070B2F4-37EB-41FE-BD89-7BA93A3DC829}
	EndGlobalSection
EndGlobal
